hash: 004370af4c503eb37888129cc6a2754df146cd9ee3f8cc77f8651ae31caae92a
updated: 2018-10-10T17:14:46.483206051-03:00
imports:
- name: github.com/anacrolix/missinggo
  version: f9a329340c5303f1977dcb9efb0918b34437a003
  subpackages:
  - httptoo
  - mime
- name: github.com/bradfitz/iter
  version: 454541ec3da2a73fc34fd049b19ee5777bf19345
- name: github.com/go-ini/ini
  version: cec2bdc49009247305a260b082a18e802d0fe292
- name: github.com/hokaccha/go-prettyjson
  version: d229c224a219dcf41e9d2af4684b9782f33f5eb7
- name: github.com/huandu/xstrings
  version: 7bb0250b58e5c15670406e6f93ffda43281305b1
- name: github.com/mattn/go-shellwords
  version: f8471b0a71ded0ab910825ee2cf230f25de000f1
- name: github.com/moul/http2curl
  version: 9ac6cf4d929b2fa8fd2d2e6dec5bb0feb4f4911d
- name: github.com/OSSystems/pkg
  version: 0c38fb3a1f0ffbf57cdcd47857ee8d2dc84af1ef
  subpackages:
  - log
- name: github.com/parnurzeal/gorequest
  version: a578a48e8d6ca8b01a3b18314c43c6716bb5f5a3
- name: github.com/pkg/errors
  version: 816c9085562cd7ee03e7f8188a1cfd942858cded
- name: github.com/sirupsen/logrus
  version: 75068beb13ada9c0ddde611f678523fda7352650
  subpackages:
  - hooks/test
- name: github.com/spf13/afero
  version: 787d034dfe70e44075ccc060d346146ef53270ad
  subpackages:
  - mem
- name: github.com/UpdateHub/updatehub
  version: 1d56308311f74d4781c671bdc5aa70e6462d1a25
  subpackages:
  - activeinactive
  - client
  - copy
  - installifdifferent
  - installmodes
  - libarchive
  - metadata
  - updatehub
  - utils
- name: golang.org/x/crypto
  version: 7f39a6fea4fe9364fb61e1def6a268a51b4f3a06
  subpackages:
  - ssh/terminal
- name: golang.org/x/net
  version: db08ff08e8622530d9ed3a0e8ac279f6d4c02196
  subpackages:
  - publicsuffix
- name: golang.org/x/sys
  version: ad87a3a340fa7f3bed189293fbfa7a9b7e021ae1
  subpackages:
  - unix
  - windows
- name: golang.org/x/text
  version: 5cec4b58c438bd98288aeb248bab2c1840713d21
  subpackages:
  - transform
  - unicode/norm
testImports: []
